
Microsoft Visual Studio Solution File, Format Version 12.00
# Visual Studio Version 17
VisualStudioVersion = 17.13.35818.85 d17.13
MinimumVisualStudioVersion = 10.0.40219.1
Project("{FAE04EC0-301F-11D3-BF4B-00C04F79EFBC}") = "ComercialTDSDesk", "ComercialTDSDesk\ComercialTDSDesk.csproj", "{6391FBBF-95B6-4E40-A18A-831398B3EDEE}"
EndProject
Project("{FAE04EC0-301F-11D3-BF4B-00C04F79EFBC}") = "ComercialTDSClass", "ComercialTDSClass\ComercialTDSClass.csproj", "{172C5925-694E-4C21-A26F-1033CEA6B355}"
EndProject
Global
	GlobalSection(SolutionConfigurationPlatforms) = preSolution
		Debug|Any CPU = Debug|Any CPU
		Release|Any CPU = Release|Any CPU
	EndGlobalSection
	GlobalSection(ProjectConfigurationPlatforms) = postSolution
		{6391FBBF-95B6-4E40-A18A-831398B3EDEE}.Debug|Any CPU.ActiveCfg = Debug|Any CPU
		{6391FBBF-95B6-4E40-A18A-831398B3EDEE}.Debug|Any CPU.Build.0 = Debug|Any CPU
		{6391FBBF-95B6-4E40-A18A-831398B3EDEE}.Release|Any CPU.ActiveCfg = Release|Any CPU
		{6391FBBF-95B6-4E40-A18A-831398B3EDEE}.Release|Any CPU.Build.0 = Release|Any CPU
		{172C5925-694E-4C21-A26F-1033CEA6B355}.Debug|Any CPU.ActiveCfg = Debug|Any CPU
		{172C5925-694E-4C21-A26F-1033CEA6B355}.Debug|Any CPU.Build.0 = Debug|Any CPU
		{172C5925-694E-4C21-A26F-1033CEA6B355}.Release|Any CPU.ActiveCfg = Release|Any CPU
		{172C5925-694E-4C21-A26F-1033CEA6B355}.Release|Any CPU.Build.0 = Release|Any CPU
	EndGlobalSection
	GlobalSection(SolutionProperties) = preSolution
		HideSolutionNode = FALSE
	EndGlobalSection
	GlobalSection(ExtensibilityGlobals) = postSolution
		SolutionGuid = {441A547D-D287-4F31-8A7D-D01D36865441}
	EndGlobalSection
EndGlobal
